// !$*UTF8*$!
{
	archiveVersion = 1;
	classes = {
	};
	objectVersion = 50;
	objects = {

/* Begin PBXBuildFile section */
		A52C0108248F3B4200B45FEF /* AppDelegate.swift in Sources */ = {isa = PBXBuildFile; fileRef = A52C0107248F3B4200B45FEF /* AppDelegate.swift */; };
		A52C010A248F3B4200B45FEF /* SceneDelegate.swift in Sources */ = {isa = PBXBuildFile; fileRef = A52C0109248F3B4200B45FEF /* SceneDelegate.swift */; };
		A52C010E248F3B4E00B45FEF /* Assets.xcassets in Resources */ = {isa = PBXBuildFile; fileRef = A52C010D248F3B4E00B45FEF /* Assets.xcassets */; };
		A52C0111248F3B4E00B45FEF /* Preview Assets.xcassets in Resources */ = {isa = PBXBuildFile; fileRef = A52C0110248F3B4E00B45FEF /* Preview Assets.xcassets */; };
		A52C0114248F3B4E00B45FEF /* LaunchScreen.storyboard in Resources */ = {isa = PBXBuildFile; fileRef = A52C0112248F3B4E00B45FEF /* LaunchScreen.storyboard */; };
		A52C011C248F530F00B45FEF /* PostCell.swift in Sources */ = {isa = PBXBuildFile; fileRef = A52C011B248F530F00B45FEF /* PostCell.swift */; };
		A52C0171248F5FE100B45FEF /* 8697cf1ely8gashxj3b09j20u00u040v.jpg in Resources */ = {isa = PBXBuildFile; fileRef = A52C011E248F5FE000B45FEF /* 8697cf1ely8gashxj3b09j20u00u040v.jpg */; };
		A52C0172248F5FE100B45FEF /* d0c21786ly1gavj2c0kcej20c8096dh7.jpg in Resources */ = {isa = PBXBuildFile; fileRef = A52C011F248F5FE000B45FEF /* d0c21786ly1gavj2c0kcej20c8096dh7.jpg */; };
		A52C0173248F5FE100B45FEF /* 6ec3b446jw1e8qgp5bmzyj2050050aa8.jpg in Resources */ = {isa = PBXBuildFile; fileRef = A52C0120248F5FE000B45FEF /* 6ec3b446jw1e8qgp5bmzyj2050050aa8.jpg */; };
		A52C0174248F5FE100B45FEF /* 8a0b5544jw1e8qgp5bmzyj2050050aa8.jpg in Resources */ = {isa = PBXBuildFile; fileRef = A52C0121248F5FE000B45FEF /* 8a0b5544jw1e8qgp5bmzyj2050050aa8.jpg */; };
		A52C0175248F5FE100B45FEF /* bca7fdafly1gax1gqdg6qj20c80avdgl.jpg in Resources */ = {isa = PBXBuildFile; fileRef = A52C0122248F5FE000B45FEF /* bca7fdafly1gax1gqdg6qj20c80avdgl.jpg */; };
		A52C0176248F5FE100B45FEF /* 9dc7402fjw1e8qgp5bmzyj2050050aa8.jpg in Resources */ = {isa = PBXBuildFile; fileRef = A52C0123248F5FE000B45FEF /* 9dc7402fjw1e8qgp5bmzyj2050050aa8.jpg */; };
		A52C0177248F5FE100B45FEF /* eb5c94aegy1gav25n5ibjj20zk1h8wuu.jpg in Resources */ = {isa = PBXBuildFile; fileRef = A52C0124248F5FE000B45FEF /* eb5c94aegy1gav25n5ibjj20zk1h8wuu.jpg */; };
		A52C0178248F5FE100B45FEF /* 006gWxMEly1gavap8dywoj30hs0bwq48.jpg in Resources */ = {isa = PBXBuildFile; fileRef = A52C0125248F5FE000B45FEF /* 006gWxMEly1gavap8dywoj30hs0bwq48.jpg */; };
		A52C0179248F5FE100B45FEF /* 630584a6gy1gau54zl806j20m80etmzo.jpg in Resources */ = {isa = PBXBuildFile; fileRef = A52C0126248F5FE000B45FEF /* 630584a6gy1gau54zl806j20m80etmzo.jpg */; };
		A52C017A248F5FE100B45FEF /* 9dc7402fgy1gavd38wwlrj20j60nyq6y.jpg in Resources */ = {isa = PBXBuildFile; fileRef = A52C0127248F5FE000B45FEF /* 9dc7402fgy1gavd38wwlrj20j60nyq6y.jpg */; };
		A52C017B248F5FE100B45FEF /* 8a0b5544gy1gauy2flua6j20u00hitab.jpg in Resources */ = {isa = PBXBuildFile; fileRef = A52C0128248F5FE000B45FEF /* 8a0b5544gy1gauy2flua6j20u00hitab.jpg */; };
		A52C017C248F5FE100B45FEF /* 7f9147a5ly1fzxlh4ovuej20e90fl4fo.jpg in Resources */ = {isa = PBXBuildFile; fileRef = A52C0129248F5FE000B45FEF /* 7f9147a5ly1fzxlh4ovuej20e90fl4fo.jpg */; };
		A52C017D248F5FE100B45FEF /* 7f9147a5ly1fzxlgxgzpij20e90fltsj.jpg in Resources */ = {isa = PBXBuildFile; fileRef = A52C012A248F5FE000B45FEF /* 7f9147a5ly1fzxlgxgzpij20e90fltsj.jpg */; };
		A52C017E248F5FE100B45FEF /* 76297935ly1gatz8obqvkj22c0340npe.jpg in Resources */ = {isa = PBXBuildFile; fileRef = A52C012B248F5FE000B45FEF /* 76297935ly1gatz8obqvkj22c0340npe.jpg */; };
		A52C017F248F5FE100B45FEF /* d0c21786ly8fsax1ftiifj20ro0ro43g.jpg in Resources */ = {isa = PBXBuildFile; fileRef = A52C012C248F5FE000B45FEF /* d0c21786ly8fsax1ftiifj20ro0ro43g.jpg */; };
		A52C0180248F5FE100B45FEF /* 9dc7402fgy1gavd38kqjtj20j60nyn1d.jpg in Resources */ = {isa = PBXBuildFile; fileRef = A52C012D248F5FE000B45FEF /* 9dc7402fgy1gavd38kqjtj20j60nyn1d.jpg */; };
		A52C0181248F5FE100B45FEF /* 6a2afec3gy1gaulykcejqj20t5145wns.jpg in Resources */ = {isa = PBXBuildFile; fileRef = A52C012E248F5FE000B45FEF /* 6a2afec3gy1gaulykcejqj20t5145wns.jpg */; };
		A52C0182248F5FE100B45FEF /* 4e7f0c83gy1gam2mp0x4pj22tc240u0x.jpg in Resources */ = {isa = PBXBuildFile; fileRef = A52C012F248F5FE000B45FEF /* 4e7f0c83gy1gam2mp0x4pj22tc240u0x.jpg */; };
		A52C0183248F5FE100B45FEF /* c5aa834fgy1gauzrb7s5ej20tz13qh5x.jpg in Resources */ = {isa = PBXBuildFile; fileRef = A52C0130248F5FE000B45FEF /* c5aa834fgy1gauzrb7s5ej20tz13qh5x.jpg */; };
		A52C0184248F5FE100B45FEF /* 700a34f6gy1gaunswxtlrj20j60pkgok.jpg in Resources */ = {isa = PBXBuildFile; fileRef = A52C0131248F5FE000B45FEF /* 700a34f6gy1gaunswxtlrj20j60pkgok.jpg */; };
		A52C0185248F5FE100B45FEF /* 8a0b5544gy1gauy2ex786j20u0129aed.jpg in Resources */ = {isa = PBXBuildFile; fileRef = A52C0132248F5FE000B45FEF /* 8a0b5544gy1gauy2ex786j20u0129aed.jpg */; };
		A52C0186248F5FE100B45FEF /* 76297935ly1gatz89dzblj23402c0qv6.jpg in Resources */ = {isa = PBXBuildFile; fileRef = A52C0133248F5FE000B45FEF /* 76297935ly1gatz89dzblj23402c0qv6.jpg */; };
		A52C0187248F5FE100B45FEF /* 700a34f6gy1gaunswy5qnj20j60pkadk.jpg in Resources */ = {isa = PBXBuildFile; fileRef = A52C0134248F5FE000B45FEF /* 700a34f6gy1gaunswy5qnj20j60pkadk.jpg */; };
		A52C0188248F5FE100B45FEF /* bca7fdafgw1ekhkps65b1j2050050dg4.jpg in Resources */ = {isa = PBXBuildFile; fileRef = A52C0135248F5FE000B45FEF /* bca7fdafgw1ekhkps65b1j2050050dg4.jpg */; };
		A52C0189248F5FE100B45FEF /* PostListData_recommend_1.json in Resources */ = {isa = PBXBuildFile; fileRef = A52C0136248F5FE000B45FEF /* PostListData_recommend_1.json */; };
		A52C018A248F5FE100B45FEF /* 006gWxMEly8g0bjpl3ynij30kv0kv773.jpg in Resources */ = {isa = PBXBuildFile; fileRef = A52C0137248F5FE000B45FEF /* 006gWxMEly8g0bjpl3ynij30kv0kv773.jpg */; };
		A52C018B248F5FE100B45FEF /* 6ec3b446gy1gavd51jc4lj20j60pmwhl.jpg in Resources */ = {isa = PBXBuildFile; fileRef = A52C0138248F5FE000B45FEF /* 6ec3b446gy1gavd51jc4lj20j60pmwhl.jpg */; };
		A52C018C248F5FE100B45FEF /* 006gWxMEly1gavap88gttj30hs0a0dgf.jpg in Resources */ = {isa = PBXBuildFile; fileRef = A52C0139248F5FE000B45FEF /* 006gWxMEly1gavap88gttj30hs0a0dgf.jpg */; };
		A52C018D248F5FE100B45FEF /* 4e7f0c83gy1gam2ml6nucj22tc240kjl.jpg in Resources */ = {isa = PBXBuildFile; fileRef = A52C013A248F5FE000B45FEF /* 4e7f0c83gy1gam2ml6nucj22tc240kjl.jpg */; };
		A52C018E248F5FE100B45FEF /* 4e7f0c83gy1gam2misv31j21hc0u016k.jpg in Resources */ = {isa = PBXBuildFile; fileRef = A52C013B248F5FE000B45FEF /* 4e7f0c83gy1gam2misv31j21hc0u016k.jpg */; };
		A52C018F248F5FE100B45FEF /* 8a0b5544gy1gauy2gmkg9j20u00gegnp.jpg in Resources */ = {isa = PBXBuildFile; fileRef = A52C013C248F5FE000B45FEF /* 8a0b5544gy1gauy2gmkg9j20u00gegnp.jpg */; };
		A52C0190248F5FE100B45FEF /* 006gWxMEly1gavap8vsqaj30hs0bwgm6.jpg in Resources */ = {isa = PBXBuildFile; fileRef = A52C013D248F5FE000B45FEF /* 006gWxMEly1gavap8vsqaj30hs0bwgm6.jpg */; };
		A52C0191248F5FE100B45FEF /* 648ed25bjw8est9nqrtnij20500503yr.jpg in Resources */ = {isa = PBXBuildFile; fileRef = A52C013E248F5FE000B45FEF /* 648ed25bjw8est9nqrtnij20500503yr.jpg */; };
		A52C0192248F5FE100B45FEF /* eb5c94aegy1gav25ox6dvj20u00k1go9.jpg in Resources */ = {isa = PBXBuildFile; fileRef = A52C013F248F5FE000B45FEF /* eb5c94aegy1gav25ox6dvj20u00k1go9.jpg */; };
		A52C0193248F5FE100B45FEF /* 8a0b5544gy1gauy2g35yoj20u00fomzf.jpg in Resources */ = {isa = PBXBuildFile; fileRef = A52C0140248F5FE000B45FEF /* 8a0b5544gy1gauy2g35yoj20u00fomzf.jpg */; };
		A52C0194248F5FE100B45FEF /* 006PdkDoly8ffywe2fq39j304g04gwed.jpg in Resources */ = {isa = PBXBuildFile; fileRef = A52C0141248F5FE000B45FEF /* 006PdkDoly8ffywe2fq39j304g04gwed.jpg */; };
		A52C0195248F5FE100B45FEF /* 700a34f6gy1gaunsxgzixj20j60edmz8.jpg in Resources */ = {isa = PBXBuildFile; fileRef = A52C0142248F5FE000B45FEF /* 700a34f6gy1gaunsxgzixj20j60edmz8.jpg */; };
		A52C0196248F5FE100B45FEF /* bca7fdafly1gax1gqdnboj20c80atmxp.jpg in Resources */ = {isa = PBXBuildFile; fileRef = A52C0143248F5FE000B45FEF /* bca7fdafly1gax1gqdnboj20c80atmxp.jpg */; };
		A52C0197248F5FE100B45FEF /* c5aa834fgy1gauzr6venkj20u01hc12f.jpg in Resources */ = {isa = PBXBuildFile; fileRef = A52C0144248F5FE000B45FEF /* c5aa834fgy1gauzr6venkj20u01hc12f.jpg */; };
		A52C0198248F5FE100B45FEF /* 7f9147a5ly1fzxlh6hzdnj20e90fl7me.jpg in Resources */ = {isa = PBXBuildFile; fileRef = A52C0145248F5FE000B45FEF /* 7f9147a5ly1fzxlh6hzdnj20e90fl7me.jpg */; };
		A52C0199248F5FE100B45FEF /* 630584a6gy1gau54zm4dtj20m80dftbv.jpg in Resources */ = {isa = PBXBuildFile; fileRef = A52C0146248F5FE000B45FEF /* 630584a6gy1gau54zm4dtj20m80dftbv.jpg */; };
		A52C019A248F5FE100B45FEF /* c5aa834fgy1gauzr86bp5j20pb0w47in.jpg in Resources */ = {isa = PBXBuildFile; fileRef = A52C0147248F5FE000B45FEF /* c5aa834fgy1gauzr86bp5j20pb0w47in.jpg */; };
		A52C019B248F5FE100B45FEF /* 9dc7402fgy1gavd39ba15j20j60nywii.jpg in Resources */ = {isa = PBXBuildFile; fileRef = A52C0148248F5FE000B45FEF /* 9dc7402fgy1gavd39ba15j20j60nywii.jpg */; };
		A52C019C248F5FE100B45FEF /* bca7fdafly1gax1gqfgsjj20c80axaay.jpg in Resources */ = {isa = PBXBuildFile; fileRef = A52C0149248F5FE000B45FEF /* bca7fdafly1gax1gqfgsjj20c80axaay.jpg */; };
		A52C019D248F5FE100B45FEF /* c5aa834fly8g97m8ix9lcj20re0regnk.jpg in Resources */ = {isa = PBXBuildFile; fileRef = A52C014A248F5FE000B45FEF /* c5aa834fly8g97m8ix9lcj20re0regnk.jpg */; };
		A52C019E248F5FE100B45FEF /* 700a34f6ly8g9a29rjt92j20fn0iqdg8.jpg in Resources */ = {isa = PBXBuildFile; fileRef = A52C014B248F5FE000B45FEF /* 700a34f6ly8g9a29rjt92j20fn0iqdg8.jpg */; };
		A52C019F248F5FE100B45FEF /* d0c21786ly1gavj2cdrkyj20c80720tg.jpg in Resources */ = {isa = PBXBuildFile; fileRef = A52C014C248F5FE000B45FEF /* d0c21786ly1gavj2cdrkyj20c80720tg.jpg */; };
		A52C01A0248F5FE100B45FEF /* bca7fdafly1gax1gqehdaj20c80atq3x.jpg in Resources */ = {isa = PBXBuildFile; fileRef = A52C014D248F5FE000B45FEF /* bca7fdafly1gax1gqehdaj20c80atq3x.jpg */; };
		A52C01A1248F5FE100B45FEF /* d0c21786ly1gavj2d17d9j20c808zq3r.jpg in Resources */ = {isa = PBXBuildFile; fileRef = A52C014E248F5FE000B45FEF /* d0c21786ly1gavj2d17d9j20c808zq3r.jpg */; };
		A52C01A2248F5FE100B45FEF /* 8a0b5544gy1gauy2gz000j20u00n6wgj.jpg in Resources */ = {isa = PBXBuildFile; fileRef = A52C014F248F5FE000B45FEF /* 8a0b5544gy1gauy2gz000j20u00n6wgj.jpg */; };
		A52C01A3248F5FE100B45FEF /* 006PdkDogy1gap6ngj12ej30u011itf7.jpg in Resources */ = {isa = PBXBuildFile; fileRef = A52C0150248F5FE000B45FEF /* 006PdkDogy1gap6ngj12ej30u011itf7.jpg */; };
		A52C01A4248F5FE100B45FEF /* 700a34f6gy1gaunsx2jywj20j60pkaeu.jpg in Resources */ = {isa = PBXBuildFile; fileRef = A52C0151248F5FE000B45FEF /* 700a34f6gy1gaunsx2jywj20j60pkaeu.jpg */; };
		A52C01A5248F5FE100B45FEF /* 4e7f0c83gy1gam2mr1b81j22tc2407wi.jpg in Resources */ = {isa = PBXBuildFile; fileRef = A52C0152248F5FE000B45FEF /* 4e7f0c83gy1gam2mr1b81j22tc2407wi.jpg */; };
		A52C01A6248F5FE100B45FEF /* 6a2afec3jw8fb4ld0qf2gj20e80dsdfz.jpg in Resources */ = {isa = PBXBuildFile; fileRef = A52C0153248F5FE000B45FEF /* 6a2afec3jw8fb4ld0qf2gj20e80dsdfz.jpg */; };
		A52C01A7248F5FE100B45FEF /* bca7fdafly1gax1gqd9vmj20c80ayaam.jpg in Resources */ = {isa = PBXBuildFile; fileRef = A52C0154248F5FE000B45FEF /* bca7fdafly1gax1gqd9vmj20c80ayaam.jpg */; };
		A52C01A8248F5FE100B45FEF /* 8a0b5544gy1gauy2hcozsj20u01czdiy.jpg in Resources */ = {isa = PBXBuildFile; fileRef = A52C0155248F5FE000B45FEF /* 8a0b5544gy1gauy2hcozsj20u01czdiy.jpg */; };
		A52C01A9248F5FE100B45FEF /* c5aa834fgy1gauzr95r6fj20tw0l3dq4.jpg in Resources */ = {isa = PBXBuildFile; fileRef = A52C0156248F5FE000B45FEF /* c5aa834fgy1gauzr95r6fj20tw0l3dq4.jpg */; };
		A52C01AA248F5FE100B45FEF /* 006PdkDogy1gap6ngiyn3j30u011idle.jpg in Resources */ = {isa = PBXBuildFile; fileRef = A52C0157248F5FE000B45FEF /* 006PdkDogy1gap6ngiyn3j30u011idle.jpg */; };
		A52C01AB248F5FE100B45FEF /* d0c21786ly1gavj2btv6tj20c80790tg.jpg in Resources */ = {isa = PBXBuildFile; fileRef = A52C0158248F5FE000B45FEF /* d0c21786ly1gavj2btv6tj20c80790tg.jpg */; };
		A52C01AC248F5FE100B45FEF /* PostListData_hot_1.json in Resources */ = {isa = PBXBuildFile; fileRef = A52C0159248F5FE000B45FEF /* PostListData_hot_1.json */; };
		A52C01AD248F5FE100B45FEF /* eb5c94aely8fmvumnl9baj20v90v9q49.jpg in Resources */ = {isa = PBXBuildFile; fileRef = A52C015A248F5FE000B45FEF /* eb5c94aely8fmvumnl9baj20v90v9q49.jpg */; };
		A52C01AE248F5FE100B45FEF /* 630584a6ly8fqs5wwkkmrj20ku0kuta7.jpg in Resources */ = {isa = PBXBuildFile; fileRef = A52C015B248F5FE000B45FEF /* 630584a6ly8fqs5wwkkmrj20ku0kuta7.jpg */; };
		A52C01AF248F5FE100B45FEF /* d0c21786ly1gavj2cowp9j20c8083ab4.jpg in Resources */ = {isa = PBXBuildFile; fileRef = A52C015C248F5FE000B45FEF /* d0c21786ly1gavj2cowp9j20c8083ab4.jpg */; };
		A52C01B0248F5FE100B45FEF /* 9dc7402fgy1gavd367p0pj20j60nywic.jpg in Resources */ = {isa = PBXBuildFile; fileRef = A52C015D248F5FE000B45FEF /* 9dc7402fgy1gavd367p0pj20j60nywic.jpg */; };
		A52C01B1248F5FE100B45FEF /* 006gWxMEly1gavap86qr9j30ht0qo40t.jpg in Resources */ = {isa = PBXBuildFile; fileRef = A52C015E248F5FE000B45FEF /* 006gWxMEly1gavap86qr9j30ht0qo40t.jpg */; };
		A52C01B2248F5FE100B45FEF /* 76297935ly1gatz8k5itij22c02c01ky.jpg in Resources */ = {isa = PBXBuildFile; fileRef = A52C015F248F5FE000B45FEF /* 76297935ly1gatz8k5itij22c02c01ky.jpg */; };
		A52C01B3248F5FE100B45FEF /* 76297935ly1gatz8g5rvxj22c03401kz.jpg in Resources */ = {isa = PBXBuildFile; fileRef = A52C0160248F5FE000B45FEF /* 76297935ly1gatz8g5rvxj22c03401kz.jpg */; };
		A52C01B4248F5FE100B45FEF /* 700a34f6gy1gaunsxhp4pj20j60pkn1k.jpg in Resources */ = {isa = PBXBuildFile; fileRef = A52C0161248F5FE000B45FEF /* 700a34f6gy1gaunsxhp4pj20j60pkn1k.jpg */; };
		A52C01B5248F5FE100B45FEF /* eb5c94aegy1gav2509cp5j20zk0k0n2j.jpg in Resources */ = {isa = PBXBuildFile; fileRef = A52C0162248F5FE000B45FEF /* eb5c94aegy1gav2509cp5j20zk0k0n2j.jpg */; };
		A52C01B6248F5FE100B45FEF /* 4e7f0c83gy1gam2mn58d3j22tc240qv5.jpg in Resources */ = {isa = PBXBuildFile; fileRef = A52C0163248F5FE000B45FEF /* 4e7f0c83gy1gam2mn58d3j22tc240qv5.jpg */; };
		A52C01B7248F5FE100B45FEF /* eb5c94aegy1gav26fycwlj20zk1h8drh.jpg in Resources */ = {isa = PBXBuildFile; fileRef = A52C0164248F5FE000B45FEF /* eb5c94aegy1gav26fycwlj20zk1h8drh.jpg */; };
		A52C01B8248F5FE100B45FEF /* 630584a6gy1gau54zyj61j20m80etn07.jpg in Resources */ = {isa = PBXBuildFile; fileRef = A52C0165248F5FE000B45FEF /* 630584a6gy1gau54zyj61j20m80etn07.jpg */; };
		A52C01B9248F5FE100B45FEF /* c5aa834fgy1gauzr8ok78j20tz12fk8w.jpg in Resources */ = {isa = PBXBuildFile; fileRef = A52C0166248F5FE000B45FEF /* c5aa834fgy1gauzr8ok78j20tz12fk8w.jpg */; };
		A52C01BA248F5FE100B45FEF /* 76297935ly8g4phfkq68hj20u00u0mzt.jpg in Resources */ = {isa = PBXBuildFile; fileRef = A52C0167248F5FE000B45FEF /* 76297935ly8g4phfkq68hj20u00u0mzt.jpg */; };
		A52C01BB248F5FE100B45FEF /* 9dc7402fgy1gavd37l9nwj20j60ny44q.jpg in Resources */ = {isa = PBXBuildFile; fileRef = A52C0168248F5FE000B45FEF /* 9dc7402fgy1gavd37l9nwj20j60ny44q.jpg */; };
		A52C01BC248F5FE100B45FEF /* 700a34f6gy1gaunswwui7j20j60pl78e.jpg in Resources */ = {isa = PBXBuildFile; fileRef = A52C0169248F5FE000B45FEF /* 700a34f6gy1gaunswwui7j20j60pl78e.jpg */; };
		A52C01BD248F5FE100B45FEF /* 630584a6gy1gau54zgaxhj20m80et0vq.jpg in Resources */ = {isa = PBXBuildFile; fileRef = A52C016A248F5FE000B45FEF /* 630584a6gy1gau54zgaxhj20m80et0vq.jpg */; };
		A52C01BE248F5FE100B45FEF /* 4e7f0c83gy1gam2mjhk8zj21hc0v6wnx.jpg in Resources */ = {isa = PBXBuildFile; fileRef = A52C016B248F5FE000B45FEF /* 4e7f0c83gy1gam2mjhk8zj21hc0v6wnx.jpg */; };
		A52C01BF248F5FE100B45FEF /* 6ec3b446gy1gavd4xud8lj20j60qkwj0.jpg in Resources */ = {isa = PBXBuildFile; fileRef = A52C016C248F5FE000B45FEF /* 6ec3b446gy1gavd4xud8lj20j60qkwj0.jpg */; };
		A52C01C0248F5FE100B45FEF /* 4e7f0c83ly8g1ho507078j20ro0rojtq.jpg in Resources */ = {isa = PBXBuildFile; fileRef = A52C016D248F5FE000B45FEF /* 4e7f0c83ly8g1ho507078j20ro0rojtq.jpg */; };
		A52C01C1248F5FE100B45FEF /* bca7fdafly1gax1gqdhouj20c80axaam.jpg in Resources */ = {isa = PBXBuildFile; fileRef = A52C016E248F5FE000B45FEF /* bca7fdafly1gax1gqdhouj20c80axaam.jpg */; };
		A52C01C2248F5FE100B45FEF /* 6ec3b446gy1gavd523embj20j60pytd6.jpg in Resources */ = {isa = PBXBuildFile; fileRef = A52C016F248F5FE000B45FEF /* 6ec3b446gy1gavd523embj20j60pytd6.jpg */; };
		A52C01C3248F5FE100B45FEF /* 005tnxzUly8gab4i2r73xj30u00u0js8.jpg in Resources */ = {isa = PBXBuildFile; fileRef = A52C0170248F5FE000B45FEF /* 005tnxzUly8gab4i2r73xj30u00u0js8.jpg */; };
		A52C01C5248F623200B45FEF /* PostVIPBadge.swift in Sources */ = {isa = PBXBuildFile; fileRef = A52C01C4248F623200B45FEF /* PostVIPBadge.swift */; };
		A52C01C9248F643700B45FEF /* Post.swift in Sources */ = {isa = PBXBuildFile; fileRef = A52C01C8248F643700B45FEF /* Post.swift */; };
		A52C01CB2490755900B45FEF /* PostCellToolbarButton.swift in Sources */ = {isa = PBXBuildFile; fileRef = A52C01CA2490755900B45FEF /* PostCellToolbarButton.swift */; };
		A52C01CD24907BE700B45FEF /* PostListView.swift in Sources */ = {isa = PBXBuildFile; fileRef = A52C01CC24907BE700B45FEF /* PostListView.swift */; };
		A52C01CF2490871700B45FEF /* PostImageCell.swift in Sources */ = {isa = PBXBuildFile; fileRef = A52C01CE2490871700B45FEF /* PostImageCell.swift */; };
		A52C01D12490A6EF00B45FEF /* PostDetailView.swift in Sources */ = {isa = PBXBuildFile; fileRef = A52C01D02490A6EF00B45FEF /* PostDetailView.swift */; };
		A52C01D32490A90C00B45FEF /* HomeNavigationBar.swift in Sources */ = {isa = PBXBuildFile; fileRef = A52C01D22490A90C00B45FEF /* HomeNavigationBar.swift */; };
		A52C01D52490B2DB00B45FEF /* HomeView.swift in Sources */ = {isa = PBXBuildFile; fileRef = A52C01D42490B2DB00B45FEF /* HomeView.swift */; };
		A52C01D72490B59800B45FEF /* UserData.swift in Sources */ = {isa = PBXBuildFile; fileRef = A52C01D62490B59800B45FEF /* UserData.swift */; };
		A52C01F92490C55D00B45FEF /* HScrollViewController.swift in Sources */ = {isa = PBXBuildFile; fileRef = A52C01F82490C55D00B45FEF /* HScrollViewController.swift */; };
		A52C01FB2491DE8900B45FEF /* CommentInputView.swift in Sources */ = {isa = PBXBuildFile; fileRef = A52C01FA2491DE8900B45FEF /* CommentInputView.swift */; };
		A52C01FD2491FEA500B45FEF /* CommentTextView.swift in Sources */ = {isa = PBXBuildFile; fileRef = A52C01FC2491FEA500B45FEF /* CommentTextView.swift */; };
		A52C01FF2492026C00B45FEF /* KeyboardResponder.swift in Sources */ = {isa = PBXBuildFile; fileRef = A52C01FE2492026C00B45FEF /* KeyboardResponder.swift */; };
/* End PBXBuildFile section */

/* Begin PBXFileReference section */
		A52C0104248F3B4200B45FEF /* WeiboDemo.app */ = {isa = PBXFileReference; explicitFileType = wrapper.application; includeInIndex = 0; path = WeiboDemo.app; sourceTree = BUILT_PRODUCTS_DIR; };
		A52C0107248F3B4200B45FEF /* AppDelegate.swift */ = {isa = PBXFileReference; lastKnownFileType = sourcecode.swift; path = AppDelegate.swift; sourceTree = "<group>"; };
		A52C0109248F3B4200B45FEF /* SceneDelegate.swift */ = {isa = PBXFileReference; lastKnownFileType = sourcecode.swift; path = SceneDelegate.swift; sourceTree = "<group>"; };
		A52C010D248F3B4E00B45FEF /* Assets.xcassets */ = {isa = PBXFileReference; lastKnownFileType = folder.assetcatalog; path = Assets.xcassets; sourceTree = "<group>"; };
		A52C0110248F3B4E00B45FEF /* Preview Assets.xcassets */ = {isa = PBXFileReference; lastKnownFileType = folder.assetcatalog; path = "Preview Assets.xcassets"; sourceTree = "<group>"; };
		A52C0113248F3B4E00B45FEF /* Base */ = {isa = PBXFileReference; lastKnownFileType = file.storyboard; name = Base; path = Base.lproj/LaunchScreen.storyboard; sourceTree = "<group>"; };
		A52C0115248F3B4E00B45FEF /* Info.plist */ = {isa = PBXFileReference; lastKnownFileType = text.plist.xml; path = Info.plist; sourceTree = "<group>"; };
		A52C011B248F530F00B45FEF /* PostCell.swift */ = {isa = PBXFileReference; lastKnownFileType = sourcecode.swift; path = PostCell.swift; sourceTree = "<group>"; };
		A52C011E248F5FE000B45FEF /* 8697cf1ely8gashxj3b09j20u00u040v.jpg */ = {isa = PBXFileReference; lastKnownFileType = image.jpeg; path = 8697cf1ely8gashxj3b09j20u00u040v.jpg; sourceTree = "<group>"; };
		A52C011F248F5FE000B45FEF /* d0c21786ly1gavj2c0kcej20c8096dh7.jpg */ = {isa = PBXFileReference; lastKnownFileType = image.jpeg; path = d0c21786ly1gavj2c0kcej20c8096dh7.jpg; sourceTree = "<group>"; };
		A52C0120248F5FE000B45FEF /* 6ec3b446jw1e8qgp5bmzyj2050050aa8.jpg */ = {isa = PBXFileReference; lastKnownFileType = image.jpeg; path = 6ec3b446jw1e8qgp5bmzyj2050050aa8.jpg; sourceTree = "<group>"; };
		A52C0121248F5FE000B45FEF /* 8a0b5544jw1e8qgp5bmzyj2050050aa8.jpg */ = {isa = PBXFileReference; lastKnownFileType = image.jpeg; path = 8a0b5544jw1e8qgp5bmzyj2050050aa8.jpg; sourceTree = "<group>"; };
		A52C0122248F5FE000B45FEF /* bca7fdafly1gax1gqdg6qj20c80avdgl.jpg */ = {isa = PBXFileReference; lastKnownFileType = image.jpeg; path = bca7fdafly1gax1gqdg6qj20c80avdgl.jpg; sourceTree = "<group>"; };
		A52C0123248F5FE000B45FEF /* 9dc7402fjw1e8qgp5bmzyj2050050aa8.jpg */ = {isa = PBXFileReference; lastKnownFileType = image.jpeg; path = 9dc7402fjw1e8qgp5bmzyj2050050aa8.jpg; sourceTree = "<group>"; };
		A52C0124248F5FE000B45FEF /* eb5c94aegy1gav25n5ibjj20zk1h8wuu.jpg */ = {isa = PBXFileReference; lastKnownFileType = image.jpeg; path = eb5c94aegy1gav25n5ibjj20zk1h8wuu.jpg; sourceTree = "<group>"; };
		A52C0125248F5FE000B45FEF /* 006gWxMEly1gavap8dywoj30hs0bwq48.jpg */ = {isa = PBXFileReference; lastKnownFileType = image.jpeg; path = 006gWxMEly1gavap8dywoj30hs0bwq48.jpg; sourceTree = "<group>"; };
		A52C0126248F5FE000B45FEF /* 630584a6gy1gau54zl806j20m80etmzo.jpg */ = {isa = PBXFileReference; lastKnownFileType = image.jpeg; path = 630584a6gy1gau54zl806j20m80etmzo.jpg; sourceTree = "<group>"; };
		A52C0127248F5FE000B45FEF /* 9dc7402fgy1gavd38wwlrj20j60nyq6y.jpg */ = {isa = PBXFileReference; lastKnownFileType = image.jpeg; path = 9dc7402fgy1gavd38wwlrj20j60nyq6y.jpg; sourceTree = "<group>"; };
		A52C0128248F5FE000B45FEF /* 8a0b5544gy1gauy2flua6j20u00hitab.jpg */ = {isa = PBXFileReference; lastKnownFileType = image.jpeg; path = 8a0b5544gy1gauy2flua6j20u00hitab.jpg; sourceTree = "<group>"; };
		A52C0129248F5FE000B45FEF /* 7f9147a5ly1fzxlh4ovuej20e90fl4fo.jpg */ = {isa = PBXFileReference; lastKnownFileType = image.jpeg; path = 7f9147a5ly1fzxlh4ovuej20e90fl4fo.jpg; sourceTree = "<group>"; };
		A52C012A248F5FE000B45FEF /* 7f9147a5ly1fzxlgxgzpij20e90fltsj.jpg */ = {isa = PBXFileReference; lastKnownFileType = image.jpeg; path = 7f9147a5ly1fzxlgxgzpij20e90fltsj.jpg; sourceTree = "<group>"; };
		A52C012B248F5FE000B45FEF /* 76297935ly1gatz8obqvkj22c0340npe.jpg */ = {isa = PBXFileReference; lastKnownFileType = image.jpeg; path = 76297935ly1gatz8obqvkj22c0340npe.jpg; sourceTree = "<group>"; };
		A52C012C248F5FE000B45FEF /* d0c21786ly8fsax1ftiifj20ro0ro43g.jpg */ = {isa = PBXFileReference; lastKnownFileType = image.jpeg; path = d0c21786ly8fsax1ftiifj20ro0ro43g.jpg; sourceTree = "<group>"; };
		A52C012D248F5FE000B45FEF /* 9dc7402fgy1gavd38kqjtj20j60nyn1d.jpg */ = {isa = PBXFileReference; lastKnownFileType = image.jpeg; path = 9dc7402fgy1gavd38kqjtj20j60nyn1d.jpg; sourceTree = "<group>"; };
		A52C012E248F5FE000B45FEF /* 6a2afec3gy1gaulykcejqj20t5145wns.jpg */ = {isa = PBXFileReference; lastKnownFileType = image.jpeg; path = 6a2afec3gy1gaulykcejqj20t5145wns.jpg; sourceTree = "<group>"; };
		A52C012F248F5FE000B45FEF /* 4e7f0c83gy1gam2mp0x4pj22tc240u0x.jpg */ = {isa = PBXFileReference; lastKnownFileType = image.jpeg; path = 4e7f0c83gy1gam2mp0x4pj22tc240u0x.jpg; sourceTree = "<group>"; };
		A52C0130248F5FE000B45FEF /* c5aa834fgy1gauzrb7s5ej20tz13qh5x.jpg */ = {isa = PBXFileReference; lastKnownFileType = image.jpeg; path = c5aa834fgy1gauzrb7s5ej20tz13qh5x.jpg; sourceTree = "<group>"; };
		A52C0131248F5FE000B45FEF /* 700a34f6gy1gaunswxtlrj20j60pkgok.jpg */ = {isa = PBXFileReference; lastKnownFileType = image.jpeg; path = 700a34f6gy1gaunswxtlrj20j60pkgok.jpg; sourceTree = "<group>"; };
		A52C0132248F5FE000B45FEF /* 8a0b5544gy1gauy2ex786j20u0129aed.jpg */ = {isa = PBXFileReference; lastKnownFileType = image.jpeg; path = 8a0b5544gy1gauy2ex786j20u0129aed.jpg; sourceTree = "<group>"; };
		A52C0133248F5FE000B45FEF /* 76297935ly1gatz89dzblj23402c0qv6.jpg */ = {isa = PBXFileReference; lastKnownFileType = image.jpeg; path = 76297935ly1gatz89dzblj23402c0qv6.jpg; sourceTree = "<group>"; };
		A52C0134248F5FE000B45FEF /* 700a34f6gy1gaunswy5qnj20j60pkadk.jpg */ = {isa = PBXFileReference; lastKnownFileType = image.jpeg; path = 700a34f6gy1gaunswy5qnj20j60pkadk.jpg; sourceTree = "<group>"; };
		A52C0135248F5FE000B45FEF /* bca7fdafgw1ekhkps65b1j2050050dg4.jpg */ = {isa = PBXFileReference; lastKnownFileType = image.jpeg; path = bca7fdafgw1ekhkps65b1j2050050dg4.jpg; sourceTree = "<group>"; };
		A52C0136248F5FE000B45FEF /* PostListData_recommend_1.json */ = {isa = PBXFileReference; fileEncoding = 4; lastKnownFileType = text.json; path = PostListData_recommend_1.json; sourceTree = "<group>"; };
		A52C0137248F5FE000B45FEF /* 006gWxMEly8g0bjpl3ynij30kv0kv773.jpg */ = {isa = PBXFileReference; lastKnownFileType = image.jpeg; path = 006gWxMEly8g0bjpl3ynij30kv0kv773.jpg; sourceTree = "<group>"; };
		A52C0138248F5FE000B45FEF /* 6ec3b446gy1gavd51jc4lj20j60pmwhl.jpg */ = {isa = PBXFileReference; lastKnownFileType = image.jpeg; path = 6ec3b446gy1gavd51jc4lj20j60pmwhl.jpg; sourceTree = "<group>"; };
		A52C0139248F5FE000B45FEF /* 006gWxMEly1gavap88gttj30hs0a0dgf.jpg */ = {isa = PBXFileReference; lastKnownFileType = image.jpeg; path = 006gWxMEly1gavap88gttj30hs0a0dgf.jpg; sourceTree = "<group>"; };
		A52C013A248F5FE000B45FEF /* 4e7f0c83gy1gam2ml6nucj22tc240kjl.jpg */ = {isa = PBXFileReference; lastKnownFileType = image.jpeg; path = 4e7f0c83gy1gam2ml6nucj22tc240kjl.jpg; sourceTree = "<group>"; };
		A52C013B248F5FE000B45FEF /* 4e7f0c83gy1gam2misv31j21hc0u016k.jpg */ = {isa = PBXFileReference; lastKnownFileType = image.jpeg; path = 4e7f0c83gy1gam2misv31j21hc0u016k.jpg; sourceTree = "<group>"; };
		A52C013C248F5FE000B45FEF /* 8a0b5544gy1gauy2gmkg9j20u00gegnp.jpg */ = {isa = PBXFileReference; lastKnownFileType = image.jpeg; path = 8a0b5544gy1gauy2gmkg9j20u00gegnp.jpg; sourceTree = "<group>"; };
		A52C013D248F5FE000B45FEF /* 006gWxMEly1gavap8vsqaj30hs0bwgm6.jpg */ = {isa = PBXFileReference; lastKnownFileType = image.jpeg; path = 006gWxMEly1gavap8vsqaj30hs0bwgm6.jpg; sourceTree = "<group>"; };
		A52C013E248F5FE000B45FEF /* 648ed25bjw8est9nqrtnij20500503yr.jpg */ = {isa = PBXFileReference; lastKnownFileType = image.jpeg; path = 648ed25bjw8est9nqrtnij20500503yr.jpg; sourceTree = "<group>"; };
		A52C013F248F5FE000B45FEF /* eb5c94aegy1gav25ox6dvj20u00k1go9.jpg */ = {isa = PBXFileReference; lastKnownFileType = image.jpeg; path = eb5c94aegy1gav25ox6dvj20u00k1go9.jpg; sourceTree = "<group>"; };
		A52C0140248F5FE000B45FEF /* 8a0b5544gy1gauy2g35yoj20u00fomzf.jpg */ = {isa = PBXFileReference; lastKnownFileType = image.jpeg; path = 8a0b5544gy1gauy2g35yoj20u00fomzf.jpg; sourceTree = "<group>"; };
		A52C0141248F5FE000B45FEF /* 006PdkDoly8ffywe2fq39j304g04gwed.jpg */ = {isa = PBXFileReference; lastKnownFileType = image.jpeg; path = 006PdkDoly8ffywe2fq39j304g04gwed.jpg; sourceTree = "<group>"; };
		A52C0142248F5FE000B45FEF /* 700a34f6gy1gaunsxgzixj20j60edmz8.jpg */ = {isa = PBXFileReference; lastKnownFileType = image.jpeg; path = 700a34f6gy1gaunsxgzixj20j60edmz8.jpg; sourceTree = "<group>"; };
		A52C0143248F5FE000B45FEF /* bca7fdafly1gax1gqdnboj20c80atmxp.jpg */ = {isa = PBXFileReference; lastKnownFileType = image.jpeg; path = bca7fdafly1gax1gqdnboj20c80atmxp.jpg; sourceTree = "<group>"; };
		A52C0144248F5FE000B45FEF /* c5aa834fgy1gauzr6venkj20u01hc12f.jpg */ = {isa = PBXFileReference; lastKnownFileType = image.jpeg; path = c5aa834fgy1gauzr6venkj20u01hc12f.jpg; sourceTree = "<group>"; };
		A52C0145248F5FE000B45FEF /* 7f9147a5ly1fzxlh6hzdnj20e90fl7me.jpg */ = {isa = PBXFileReference; lastKnownFileType = image.jpeg; path = 7f9147a5ly1fzxlh6hzdnj20e90fl7me.jpg; sourceTree = "<group>"; };
		A52C0146248F5FE000B45FEF /* 630584a6gy1gau54zm4dtj20m80dftbv.jpg */ = {isa = PBXFileReference; lastKnownFileType = image.jpeg; path = 630584a6gy1gau54zm4dtj20m80dftbv.jpg; sourceTree = "<group>"; };
		A52C0147248F5FE000B45FEF /* c5aa834fgy1gauzr86bp5j20pb0w47in.jpg */ = {isa = PBXFileReference; lastKnownFileType = image.jpeg; path = c5aa834fgy1gauzr86bp5j20pb0w47in.jpg; sourceTree = "<group>"; };
		A52C0148248F5FE000B45FEF /* 9dc7402fgy1gavd39ba15j20j60nywii.jpg */ = {isa = PBXFileReference; lastKnownFileType = image.jpeg; path = 9dc7402fgy1gavd39ba15j20j60nywii.jpg; sourceTree = "<group>"; };
		A52C0149248F5FE000B45FEF /* bca7fdafly1gax1gqfgsjj20c80axaay.jpg */ = {isa = PBXFileReference; lastKnownFileType = image.jpeg; path = bca7fdafly1gax1gqfgsjj20c80axaay.jpg; sourceTree = "<group>"; };
		A52C014A248F5FE000B45FEF /* c5aa834fly8g97m8ix9lcj20re0regnk.jpg */ = {isa = PBXFileReference; lastKnownFileType = image.jpeg; path = c5aa834fly8g97m8ix9lcj20re0regnk.jpg; sourceTree = "<group>"; };
		A52C014B248F5FE000B45FEF /* 700a34f6ly8g9a29rjt92j20fn0iqdg8.jpg */ = {isa = PBXFileReference; lastKnownFileType = image.jpeg; path = 700a34f6ly8g9a29rjt92j20fn0iqdg8.jpg; sourceTree = "<group>"; };
		A52C014C248F5FE000B45FEF /* d0c21786ly1gavj2cdrkyj20c80720tg.jpg */ = {isa = PBXFileReference; lastKnownFileType = image.jpeg; path = d0c21786ly1gavj2cdrkyj20c80720tg.jpg; sourceTree = "<group>"; };
		A52C014D248F5FE000B45FEF /* bca7fdafly1gax1gqehdaj20c80atq3x.jpg */ = {isa = PBXFileReference; lastKnownFileType = image.jpeg; path = bca7fdafly1gax1gqehdaj20c80atq3x.jpg; sourceTree = "<group>"; };
		A52C014E248F5FE000B45FEF /* d0c21786ly1gavj2d17d9j20c808zq3r.jpg */ = {isa = PBXFileReference; lastKnownFileType = image.jpeg; path = d0c21786ly1gavj2d17d9j20c808zq3r.jpg; sourceTree = "<group>"; };
		A52C014F248F5FE000B45FEF /* 8a0b5544gy1gauy2gz000j20u00n6wgj.jpg */ = {isa = PBXFileReference; lastKnownFileType = image.jpeg; path = 8a0b5544gy1gauy2gz000j20u00n6wgj.jpg; sourceTree = "<group>"; };
		A52C0150248F5FE000B45FEF /* 006PdkDogy1gap6ngj12ej30u011itf7.jpg */ = {isa = PBXFileReference; lastKnownFileType = image.jpeg; path = 006PdkDogy1gap6ngj12ej30u011itf7.jpg; sourceTree = "<group>"; };
		A52C0151248F5FE000B45FEF /* 700a34f6gy1gaunsx2jywj20j60pkaeu.jpg */ = {isa = PBXFileReference; lastKnownFileType = image.jpeg; path = 700a34f6gy1gaunsx2jywj20j60pkaeu.jpg; sourceTree = "<group>"; };
		A52C0152248F5FE000B45FEF /* 4e7f0c83gy1gam2mr1b81j22tc2407wi.jpg */ = {isa = PBXFileReference; lastKnownFileType = image.jpeg; path = 4e7f0c83gy1gam2mr1b81j22tc2407wi.jpg; sourceTree = "<group>"; };
		A52C0153248F5FE000B45FEF /* 6a2afec3jw8fb4ld0qf2gj20e80dsdfz.jpg */ = {isa = PBXFileReference; lastKnownFileType = image.jpeg; path = 6a2afec3jw8fb4ld0qf2gj20e80dsdfz.jpg; sourceTree = "<group>"; };
		A52C0154248F5FE000B45FEF /* bca7fdafly1gax1gqd9vmj20c80ayaam.jpg */ = {isa = PBXFileReference; lastKnownFileType = image.jpeg; path = bca7fdafly1gax1gqd9vmj20c80ayaam.jpg; sourceTree = "<group>"; };
		A52C0155248F5FE000B45FEF /* 8a0b5544gy1gauy2hcozsj20u01czdiy.jpg */ = {isa = PBXFileReference; lastKnownFileType = image.jpeg; path = 8a0b5544gy1gauy2hcozsj20u01czdiy.jpg; sourceTree = "<group>"; };
		A52C0156248F5FE000B45FEF /* c5aa834fgy1gauzr95r6fj20tw0l3dq4.jpg */ = {isa = PBXFileReference; lastKnownFileType = image.jpeg; path = c5aa834fgy1gauzr95r6fj20tw0l3dq4.jpg; sourceTree = "<group>"; };
		A52C0157248F5FE000B45FEF /* 006PdkDogy1gap6ngiyn3j30u011idle.jpg */ = {isa = PBXFileReference; lastKnownFileType = image.jpeg; path = 006PdkDogy1gap6ngiyn3j30u011idle.jpg; sourceTree = "<group>"; };
		A52C0158248F5FE000B45FEF /* d0c21786ly1gavj2btv6tj20c80790tg.jpg */ = {isa = PBXFileReference; lastKnownFileType = image.jpeg; path = d0c21786ly1gavj2btv6tj20c80790tg.jpg; sourceTree = "<group>"; };
		A52C0159248F5FE000B45FEF /* PostListData_hot_1.json */ = {isa = PBXFileReference; fileEncoding = 4; lastKnownFileType = text.json; path = PostListData_hot_1.json; sourceTree = "<group>"; };
		A52C015A248F5FE000B45FEF /* eb5c94aely8fmvumnl9baj20v90v9q49.jpg */ = {isa = PBXFileReference; lastKnownFileType = image.jpeg; path = eb5c94aely8fmvumnl9baj20v90v9q49.jpg; sourceTree = "<group>"; };
		A52C015B248F5FE000B45FEF /* 630584a6ly8fqs5wwkkmrj20ku0kuta7.jpg */ = {isa = PBXFileReference; lastKnownFileType = image.jpeg; path = 630584a6ly8fqs5wwkkmrj20ku0kuta7.jpg; sourceTree = "<group>"; };
		A52C015C248F5FE000B45FEF /* d0c21786ly1gavj2cowp9j20c8083ab4.jpg */ = {isa = PBXFileReference; lastKnownFileType = image.jpeg; path = d0c21786ly1gavj2cowp9j20c8083ab4.jpg; sourceTree = "<group>"; };
		A52C015D248F5FE000B45FEF /* 9dc7402fgy1gavd367p0pj20j60nywic.jpg */ = {isa = PBXFileReference; lastKnownFileType = image.jpeg; path = 9dc7402fgy1gavd367p0pj20j60nywic.jpg; sourceTree = "<group>"; };
		A52C015E248F5FE000B45FEF /* 006gWxMEly1gavap86qr9j30ht0qo40t.jpg */ = {isa = PBXFileReference; lastKnownFileType = image.jpeg; path = 006gWxMEly1gavap86qr9j30ht0qo40t.jpg; sourceTree = "<group>"; };
		A52C015F248F5FE000B45FEF /* 76297935ly1gatz8k5itij22c02c01ky.jpg */ = {isa = PBXFileReference; lastKnownFileType = image.jpeg; path = 76297935ly1gatz8k5itij22c02c01ky.jpg; sourceTree = "<group>"; };
		A52C0160248F5FE000B45FEF /* 76297935ly1gatz8g5rvxj22c03401kz.jpg */ = {isa = PBXFileReference; lastKnownFileType = image.jpeg; path = 76297935ly1gatz8g5rvxj22c03401kz.jpg; sourceTree = "<group>"; };
		A52C0161248F5FE000B45FEF /* 700a34f6gy1gaunsxhp4pj20j60pkn1k.jpg */ = {isa = PBXFileReference; lastKnownFileType = image.jpeg; path = 700a34f6gy1gaunsxhp4pj20j60pkn1k.jpg; sourceTree = "<group>"; };
		A52C0162248F5FE000B45FEF /* eb5c94aegy1gav2509cp5j20zk0k0n2j.jpg */ = {isa = PBXFileReference; lastKnownFileType = image.jpeg; path = eb5c94aegy1gav2509cp5j20zk0k0n2j.jpg; sourceTree = "<group>"; };
		A52C0163248F5FE000B45FEF /* 4e7f0c83gy1gam2mn58d3j22tc240qv5.jpg */ = {isa = PBXFileReference; lastKnownFileType = image.jpeg; path = 4e7f0c83gy1gam2mn58d3j22tc240qv5.jpg; sourceTree = "<group>"; };
		A52C0164248F5FE000B45FEF /* eb5c94aegy1gav26fycwlj20zk1h8drh.jpg */ = {isa = PBXFileReference; lastKnownFileType = image.jpeg; path = eb5c94aegy1gav26fycwlj20zk1h8drh.jpg; sourceTree = "<group>"; };
		A52C0165248F5FE000B45FEF /* 630584a6gy1gau54zyj61j20m80etn07.jpg */ = {isa = PBXFileReference; lastKnownFileType = image.jpeg; path = 630584a6gy1gau54zyj61j20m80etn07.jpg; sourceTree = "<group>"; };
		A52C0166248F5FE000B45FEF /* c5aa834fgy1gauzr8ok78j20tz12fk8w.jpg */ = {isa = PBXFileReference; lastKnownFileType = image.jpeg; path = c5aa834fgy1gauzr8ok78j20tz12fk8w.jpg; sourceTree = "<group>"; };
		A52C0167248F5FE000B45FEF /* 76297935ly8g4phfkq68hj20u00u0mzt.jpg */ = {isa = PBXFileReference; lastKnownFileType = image.jpeg; path = 76297935ly8g4phfkq68hj20u00u0mzt.jpg; sourceTree = "<group>"; };
		A52C0168248F5FE000B45FEF /* 9dc7402fgy1gavd37l9nwj20j60ny44q.jpg */ = {isa = PBXFileReference; lastKnownFileType = image.jpeg; path = 9dc7402fgy1gavd37l9nwj20j60ny44q.jpg; sourceTree = "<group>"; };
		A52C0169248F5FE000B45FEF /* 700a34f6gy1gaunswwui7j20j60pl78e.jpg */ = {isa = PBXFileReference; lastKnownFileType = image.jpeg; path = 700a34f6gy1gaunswwui7j20j60pl78e.jpg; sourceTree = "<group>"; };
		A52C016A248F5FE000B45FEF /* 630584a6gy1gau54zgaxhj20m80et0vq.jpg */ = {isa = PBXFileReference; lastKnownFileType = image.jpeg; path = 630584a6gy1gau54zgaxhj20m80et0vq.jpg; sourceTree = "<group>"; };
		A52C016B248F5FE000B45FEF /* 4e7f0c83gy1gam2mjhk8zj21hc0v6wnx.jpg */ = {isa = PBXFileReference; lastKnownFileType = image.jpeg; path = 4e7f0c83gy1gam2mjhk8zj21hc0v6wnx.jpg; sourceTree = "<group>"; };
		A52C016C248F5FE000B45FEF /* 6ec3b446gy1gavd4xud8lj20j60qkwj0.jpg */ = {isa = PBXFileReference; lastKnownFileType = image.jpeg; path = 6ec3b446gy1gavd4xud8lj20j60qkwj0.jpg; sourceTree = "<group>"; };
		A52C016D248F5FE000B45FEF /* 4e7f0c83ly8g1ho507078j20ro0rojtq.jpg */ = {isa = PBXFileReference; lastKnownFileType = image.jpeg; path = 4e7f0c83ly8g1ho507078j20ro0rojtq.jpg; sourceTree = "<group>"; };
		A52C016E248F5FE000B45FEF /* bca7fdafly1gax1gqdhouj20c80axaam.jpg */ = {isa = PBXFileReference; lastKnownFileType = image.jpeg; path = bca7fdafly1gax1gqdhouj20c80axaam.jpg; sourceTree = "<group>"; };
		A52C016F248F5FE000B45FEF /* 6ec3b446gy1gavd523embj20j60pytd6.jpg */ = {isa = PBXFileReference; lastKnownFileType = image.jpeg; path = 6ec3b446gy1gavd523embj20j60pytd6.jpg; sourceTree = "<group>"; };
		A52C0170248F5FE000B45FEF /* 005tnxzUly8gab4i2r73xj30u00u0js8.jpg */ = {isa = PBXFileReference; lastKnownFileType = image.jpeg; path = 005tnxzUly8gab4i2r73xj30u00u0js8.jpg; sourceTree = "<group>"; };
		A52C01C4248F623200B45FEF /* PostVIPBadge.swift */ = {isa = PBXFileReference; lastKnownFileType = sourcecode.swift; path = PostVIPBadge.swift; sourceTree = "<group>"; };
		A52C01C8248F643700B45FEF /* Post.swift */ = {isa = PBXFileReference; lastKnownFileType = sourcecode.swift; path = Post.swift; sourceTree = "<group>"; };
		A52C01CA2490755900B45FEF /* PostCellToolbarButton.swift */ = {isa = PBXFileReference; lastKnownFileType = sourcecode.swift; path = PostCellToolbarButton.swift; sourceTree = "<group>"; };
		A52C01CC24907BE700B45FEF /* PostListView.swift */ = {isa = PBXFileReference; lastKnownFileType = sourcecode.swift; path = PostListView.swift; sourceTree = "<group>"; };
		A52C01CE2490871700B45FEF /* PostImageCell.swift */ = {isa = PBXFileReference; lastKnownFileType = sourcecode.swift; path = PostImageCell.swift; sourceTree = "<group>"; };
		A52C01D02490A6EF00B45FEF /* PostDetailView.swift */ = {isa = PBXFileReference; lastKnownFileType = sourcecode.swift; path = PostDetailView.swift; sourceTree = "<group>"; };
		A52C01D22490A90C00B45FEF /* HomeNavigationBar.swift */ = {isa = PBXFileReference; lastKnownFileType = sourcecode.swift; path = HomeNavigationBar.swift; sourceTree = "<group>"; };
		A52C01D42490B2DB00B45FEF /* HomeView.swift */ = {isa = PBXFileReference; lastKnownFileType = sourcecode.swift; path = HomeView.swift; sourceTree = "<group>"; };
		A52C01D62490B59800B45FEF /* UserData.swift */ = {isa = PBXFileReference; lastKnownFileType = sourcecode.swift; path = UserData.swift; sourceTree = "<group>"; };
		A52C01F82490C55D00B45FEF /* HScrollViewController.swift */ = {isa = PBXFileReference; lastKnownFileType = sourcecode.swift; path = HScrollViewController.swift; sourceTree = "<group>"; };
		A52C01FA2491DE8900B45FEF /* CommentInputView.swift */ = {isa = PBXFileReference; lastKnownFileType = sourcecode.swift; path = CommentInputView.swift; sourceTree = "<group>"; };
		A52C01FC2491FEA500B45FEF /* CommentTextView.swift */ = {isa = PBXFileReference; lastKnownFileType = sourcecode.swift; path = CommentTextView.swift; sourceTree = "<group>"; };
		A52C01FE2492026C00B45FEF /* KeyboardResponder.swift */ = {isa = PBXFileReference; lastKnownFileType = sourcecode.swift; path = KeyboardResponder.swift; sourceTree = "<group>"; };
/* End PBXFileReference section */

/* Begin PBXFrameworksBuildPhase section */
		A52C0101248F3B4200B45FEF /* Frameworks */ = {
			isa = PBXFrameworksBuildPhase;
			buildActionMask = 2147483647;
			files = (
			);
			runOnlyForDeploymentPostprocessing = 0;
		};
/* End PBXFrameworksBuildPhase section */

/* Begin PBXGroup section */
		A52C00FB248F3B4200B45FEF = {
			isa = PBXGroup;
			children = (
				A52C0106248F3B4200B45FEF /* WeiboDemo */,
				A52C0105248F3B4200B45FEF /* Products */,
			);
			sourceTree = "<group>";
		};
		A52C0105248F3B4200B45FEF /* Products */ = {
			isa = PBXGroup;
			children = (
				A52C0104248F3B4200B45FEF /* WeiboDemo.app */,
			);
			name = Products;
			sourceTree = "<group>";
		};
		A52C0106248F3B4200B45FEF /* WeiboDemo */ = {
			isa = PBXGroup;
			children = (
				A52C011D248F5FE000B45FEF /* Resources */,
				A52C0107248F3B4200B45FEF /* AppDelegate.swift */,
				A52C0109248F3B4200B45FEF /* SceneDelegate.swift */,
				A52C01C8248F643700B45FEF /* Post.swift */,
				A52C01D42490B2DB00B45FEF /* HomeView.swift */,
				A52C01D22490A90C00B45FEF /* HomeNavigationBar.swift */,
				A52C011B248F530F00B45FEF /* PostCell.swift */,
				A52C01CC24907BE700B45FEF /* PostListView.swift */,
				A52C01F82490C55D00B45FEF /* HScrollViewController.swift */,
				A52C01CE2490871700B45FEF /* PostImageCell.swift */,
				A52C01CA2490755900B45FEF /* PostCellToolbarButton.swift */,
				A52C01D62490B59800B45FEF /* UserData.swift */,
				A52C01D02490A6EF00B45FEF /* PostDetailView.swift */,
				A52C01FA2491DE8900B45FEF /* CommentInputView.swift */,
				A52C01FE2492026C00B45FEF /* KeyboardResponder.swift */,
				A52C01FC2491FEA500B45FEF /* CommentTextView.swift */,
				A52C01C4248F623200B45FEF /* PostVIPBadge.swift */,
				A52C010D248F3B4E00B45FEF /* Assets.xcassets */,
				A52C0112248F3B4E00B45FEF /* LaunchScreen.storyboard */,
				A52C0115248F3B4E00B45FEF /* Info.plist */,
				A52C010F248F3B4E00B45FEF /* Preview Content */,
			);
			path = WeiboDemo;
			sourceTree = "<group>";
		};
		A52C010F248F3B4E00B45FEF /* Preview Content */ = {
			isa = PBXGroup;
			children = (
				A52C0110248F3B4E00B45FEF /* Preview Assets.xcassets */,
			);
			path = "Preview Content";
			sourceTree = "<group>";
		};
		A52C011D248F5FE000B45FEF /* Resources */ = {
			isa = PBXGroup;
			children = (
				A52C011E248F5FE000B45FEF /* 8697cf1ely8gashxj3b09j20u00u040v.jpg */,
				A52C011F248F5FE000B45FEF /* d0c21786ly1gavj2c0kcej20c8096dh7.jpg */,
				A52C0120248F5FE000B45FEF /* 6ec3b446jw1e8qgp5bmzyj2050050aa8.jpg */,
				A52C0121248F5FE000B45FEF /* 8a0b5544jw1e8qgp5bmzyj2050050aa8.jpg */,
				A52C0122248F5FE000B45FEF /* bca7fdafly1gax1gqdg6qj20c80avdgl.jpg */,
				A52C0123248F5FE000B45FEF /* 9dc7402fjw1e8qgp5bmzyj2050050aa8.jpg */,
				A52C0124248F5FE000B45FEF /* eb5c94aegy1gav25n5ibjj20zk1h8wuu.jpg */,
				A52C0125248F5FE000B45FEF /* 006gWxMEly1gavap8dywoj30hs0bwq48.jpg */,
				A52C0126248F5FE000B45FEF /* 630584a6gy1gau54zl806j20m80etmzo.jpg */,
				A52C0127248F5FE000B45FEF /* 9dc7402fgy1gavd38wwlrj20j60nyq6y.jpg */,
				A52C0128248F5FE000B45FEF /* 8a0b5544gy1gauy2flua6j20u00hitab.jpg */,
				A52C0129248F5FE000B45FEF /* 7f9147a5ly1fzxlh4ovuej20e90fl4fo.jpg */,
				A52C012A248F5FE000B45FEF /* 7f9147a5ly1fzxlgxgzpij20e90fltsj.jpg */,
				A52C012B248F5FE000B45FEF /* 76297935ly1gatz8obqvkj22c0340npe.jpg */,
				A52C012C248F5FE000B45FEF /* d0c21786ly8fsax1ftiifj20ro0ro43g.jpg */,
				A52C012D248F5FE000B45FEF /* 9dc7402fgy1gavd38kqjtj20j60nyn1d.jpg */,
				A52C012E248F5FE000B45FEF /* 6a2afec3gy1gaulykcejqj20t5145wns.jpg */,
				A52C012F248F5FE000B45FEF /* 4e7f0c83gy1gam2mp0x4pj22tc240u0x.jpg */,
				A52C0130248F5FE000B45FEF /* c5aa834fgy1gauzrb7s5ej20tz13qh5x.jpg */,
				A52C0131248F5FE000B45FEF /* 700a34f6gy1gaunswxtlrj20j60pkgok.jpg */,
				A52C0132248F5FE000B45FEF /* 8a0b5544gy1gauy2ex786j20u0129aed.jpg */,
				A52C0133248F5FE000B45FEF /* 76297935ly1gatz89dzblj23402c0qv6.jpg */,
				A52C0134248F5FE000B45FEF /* 700a34f6gy1gaunswy5qnj20j60pkadk.jpg */,
				A52C0135248F5FE000B45FEF /* bca7fdafgw1ekhkps65b1j2050050dg4.jpg */,
				A52C0136248F5FE000B45FEF /* PostListData_recommend_1.json */,
				A52C0137248F5FE000B45FEF /* 006gWxMEly8g0bjpl3ynij30kv0kv773.jpg */,
				A52C0138248F5FE000B45FEF /* 6ec3b446gy1gavd51jc4lj20j60pmwhl.jpg */,
				A52C0139248F5FE000B45FEF /* 006gWxMEly1gavap88gttj30hs0a0dgf.jpg */,
				A52C013A248F5FE000B45FEF /* 4e7f0c83gy1gam2ml6nucj22tc240kjl.jpg */,
				A52C013B248F5FE000B45FEF /* 4e7f0c83gy1gam2misv31j21hc0u016k.jpg */,
				A52C013C248F5FE000B45FEF /* 8a0b5544gy1gauy2gmkg9j20u00gegnp.jpg */,
				A52C013D248F5FE000B45FEF /* 006gWxMEly1gavap8vsqaj30hs0bwgm6.jpg */,
				A52C013E248F5FE000B45FEF /* 648ed25bjw8est9nqrtnij20500503yr.jpg */,
				A52C013F248F5FE000B45FEF /* eb5c94aegy1gav25ox6dvj20u00k1go9.jpg */,
				A52C0140248F5FE000B45FEF /* 8a0b5544gy1gauy2g35yoj20u00fomzf.jpg */,
				A52C0141248F5FE000B45FEF /* 006PdkDoly8ffywe2fq39j304g04gwed.jpg */,
				A52C0142248F5FE000B45FEF /* 700a34f6gy1gaunsxgzixj20j60edmz8.jpg */,
				A52C0143248F5FE000B45FEF /* bca7fdafly1gax1gqdnboj20c80atmxp.jpg */,
				A52C0144248F5FE000B45FEF /* c5aa834fgy1gauzr6venkj20u01hc12f.jpg */,
				A52C0145248F5FE000B45FEF /* 7f9147a5ly1fzxlh6hzdnj20e90fl7me.jpg */,
				A52C0146248F5FE000B45FEF /* 630584a6gy1gau54zm4dtj20m80dftbv.jpg */,
				A52C0147248F5FE000B45FEF /* c5aa834fgy1gauzr86bp5j20pb0w47in.jpg */,
				A52C0148248F5FE000B45FEF /* 9dc7402fgy1gavd39ba15j20j60nywii.jpg */,
				A52C0149248F5FE000B45FEF /* bca7fdafly1gax1gqfgsjj20c80axaay.jpg */,
				A52C014A248F5FE000B45FEF /* c5aa834fly8g97m8ix9lcj20re0regnk.jpg */,
				A52C014B248F5FE000B45FEF /* 700a34f6ly8g9a29rjt92j20fn0iqdg8.jpg */,
				A52C014C248F5FE000B45FEF /* d0c21786ly1gavj2cdrkyj20c80720tg.jpg */,
				A52C014D248F5FE000B45FEF /* bca7fdafly1gax1gqehdaj20c80atq3x.jpg */,
				A52C014E248F5FE000B45FEF /* d0c21786ly1gavj2d17d9j20c808zq3r.jpg */,
				A52C014F248F5FE000B45FEF /* 8a0b5544gy1gauy2gz000j20u00n6wgj.jpg */,
				A52C0150248F5FE000B45FEF /* 006PdkDogy1gap6ngj12ej30u011itf7.jpg */,
				A52C0151248F5FE000B45FEF /* 700a34f6gy1gaunsx2jywj20j60pkaeu.jpg */,
				A52C0152248F5FE000B45FEF /* 4e7f0c83gy1gam2mr1b81j22tc2407wi.jpg */,
				A52C0153248F5FE000B45FEF /* 6a2afec3jw8fb4ld0qf2gj20e80dsdfz.jpg */,
				A52C0154248F5FE000B45FEF /* bca7fdafly1gax1gqd9vmj20c80ayaam.jpg */,
				A52C0155248F5FE000B45FEF /* 8a0b5544gy1gauy2hcozsj20u01czdiy.jpg */,
				A52C0156248F5FE000B45FEF /* c5aa834fgy1gauzr95r6fj20tw0l3dq4.jpg */,
				A52C0157248F5FE000B45FEF /* 006PdkDogy1gap6ngiyn3j30u011idle.jpg */,
				A52C0158248F5FE000B45FEF /* d0c21786ly1gavj2btv6tj20c80790tg.jpg */,
				A52C0159248F5FE000B45FEF /* PostListData_hot_1.json */,
				A52C015A248F5FE000B45FEF /* eb5c94aely8fmvumnl9baj20v90v9q49.jpg */,
				A52C015B248F5FE000B45FEF /* 630584a6ly8fqs5wwkkmrj20ku0kuta7.jpg */,
				A52C015C248F5FE000B45FEF /* d0c21786ly1gavj2cowp9j20c8083ab4.jpg */,
				A52C015D248F5FE000B45FEF /* 9dc7402fgy1gavd367p0pj20j60nywic.jpg */,
				A52C015E248F5FE000B45FEF /* 006gWxMEly1gavap86qr9j30ht0qo40t.jpg */,
				A52C015F248F5FE000B45FEF /* 76297935ly1gatz8k5itij22c02c01ky.jpg */,
				A52C0160248F5FE000B45FEF /* 76297935ly1gatz8g5rvxj22c03401kz.jpg */,
				A52C0161248F5FE000B45FEF /* 700a34f6gy1gaunsxhp4pj20j60pkn1k.jpg */,
				A52C0162248F5FE000B45FEF /* eb5c94aegy1gav2509cp5j20zk0k0n2j.jpg */,
				A52C0163248F5FE000B45FEF /* 4e7f0c83gy1gam2mn58d3j22tc240qv5.jpg */,
				A52C0164248F5FE000B45FEF /* eb5c94aegy1gav26fycwlj20zk1h8drh.jpg */,
				A52C0165248F5FE000B45FEF /* 630584a6gy1gau54zyj61j20m80etn07.jpg */,
				A52C0166248F5FE000B45FEF /* c5aa834fgy1gauzr8ok78j20tz12fk8w.jpg */,
				A52C0167248F5FE000B45FEF /* 76297935ly8g4phfkq68hj20u00u0mzt.jpg */,
				A52C0168248F5FE000B45FEF /* 9dc7402fgy1gavd37l9nwj20j60ny44q.jpg */,
				A52C0169248F5FE000B45FEF /* 700a34f6gy1gaunswwui7j20j60pl78e.jpg */,
				A52C016A248F5FE000B45FEF /* 630584a6gy1gau54zgaxhj20m80et0vq.jpg */,
				A52C016B248F5FE000B45FEF /* 4e7f0c83gy1gam2mjhk8zj21hc0v6wnx.jpg */,
				A52C016C248F5FE000B45FEF /* 6ec3b446gy1gavd4xud8lj20j60qkwj0.jpg */,
				A52C016D248F5FE000B45FEF /* 4e7f0c83ly8g1ho507078j20ro0rojtq.jpg */,
				A52C016E248F5FE000B45FEF /* bca7fdafly1gax1gqdhouj20c80axaam.jpg */,
				A52C016F248F5FE000B45FEF /* 6ec3b446gy1gavd523embj20j60pytd6.jpg */,
				A52C0170248F5FE000B45FEF /* 005tnxzUly8gab4i2r73xj30u00u0js8.jpg */,
			);
			path = Resources;
			sourceTree = "<group>";
		};
/* End PBXGroup section */

/* Begin PBXNativeTarget section */
		A52C0103248F3B4200B45FEF /* WeiboDemo */ = {
			isa = PBXNativeTarget;
			buildConfigurationList = A52C0118248F3B4E00B45FEF /* Build configuration list for PBXNativeTarget "WeiboDemo" */;
			buildPhases = (
				A52C0100248F3B4200B45FEF /* Sources */,
				A52C0101248F3B4200B45FEF /* Frameworks */,
				A52C0102248F3B4200B45FEF /* Resources */,
			);
			buildRules = (
			);
			dependencies = (
			);
			name = WeiboDemo;
			productName = WeiboDemo;
			productReference = A52C0104248F3B4200B45FEF /* WeiboDemo.app */;
			productType = "com.apple.product-type.application";
		};
/* End PBXNativeTarget section */

/* Begin PBXProject section */
		A52C00FC248F3B4200B45FEF /* Project object */ = {
			isa = PBXProject;
			attributes = {
				LastSwiftUpdateCheck = 1150;
				LastUpgradeCheck = 1150;
				ORGANIZATIONNAME = "Ultra-Union";
				TargetAttributes = {
					A52C0103248F3B4200B45FEF = {
						CreatedOnToolsVersion = 11.5;
					};
				};
			};
			buildConfigurationList = A52C00FF248F3B4200B45FEF /* Build configuration list for PBXProject "WeiboDemo" */;
			compatibilityVersion = "Xcode 9.3";
			developmentRegion = en;
			hasScannedForEncodings = 0;
			knownRegions = (
				en,
				Base,
			);
			mainGroup = A52C00FB248F3B4200B45FEF;
			productRefGroup = A52C0105248F3B4200B45FEF /* Products */;
			projectDirPath = "";
			projectRoot = "";
			targets = (
				A52C0103248F3B4200B45FEF /* WeiboDemo */,
			);
		};
/* End PBXProject section */

/* Begin PBXResourcesBuildPhase section */
		A52C0102248F3B4200B45FEF /* Resources */ = {
			isa = PBXResourcesBuildPhase;
			buildActionMask = 2147483647;
			files = (
				A52C0173248F5FE100B45FEF /* 6ec3b446jw1e8qgp5bmzyj2050050aa8.jpg in Resources */,
				A52C01A6248F5FE100B45FEF /* 6a2afec3jw8fb4ld0qf2gj20e80dsdfz.jpg in Resources */,
				A52C01B5248F5FE100B45FEF /* eb5c94aegy1gav2509cp5j20zk0k0n2j.jpg in Resources */,
				A52C01B6248F5FE100B45FEF /* 4e7f0c83gy1gam2mn58d3j22tc240qv5.jpg in Resources */,
				A52C0182248F5FE100B45FEF /* 4e7f0c83gy1gam2mp0x4pj22tc240u0x.jpg in Resources */,
				A52C01C2248F5FE100B45FEF /* 6ec3b446gy1gavd523embj20j60pytd6.jpg in Resources */,
				A52C018F248F5FE100B45FEF /* 8a0b5544gy1gauy2gmkg9j20u00gegnp.jpg in Resources */,
				A52C0185248F5FE100B45FEF /* 8a0b5544gy1gauy2ex786j20u0129aed.jpg in Resources */,
				A52C01A0248F5FE100B45FEF /* bca7fdafly1gax1gqehdaj20c80atq3x.jpg in Resources */,
				A52C0198248F5FE100B45FEF /* 7f9147a5ly1fzxlh6hzdnj20e90fl7me.jpg in Resources */,
				A52C0174248F5FE100B45FEF /* 8a0b5544jw1e8qgp5bmzyj2050050aa8.jpg in Resources */,
				A52C01B8248F5FE100B45FEF /* 630584a6gy1gau54zyj61j20m80etn07.jpg in Resources */,
				A52C019C248F5FE100B45FEF /* bca7fdafly1gax1gqfgsjj20c80axaay.jpg in Resources */,
				A52C0181248F5FE100B45FEF /* 6a2afec3gy1gaulykcejqj20t5145wns.jpg in Resources */,
				A52C01AB248F5FE100B45FEF /* d0c21786ly1gavj2btv6tj20c80790tg.jpg in Resources */,
				A52C01AE248F5FE100B45FEF /* 630584a6ly8fqs5wwkkmrj20ku0kuta7.jpg in Resources */,
				A52C0171248F5FE100B45FEF /* 8697cf1ely8gashxj3b09j20u00u040v.jpg in Resources */,
				A52C018A248F5FE100B45FEF /* 006gWxMEly8g0bjpl3ynij30kv0kv773.jpg in Resources */,
				A52C0179248F5FE100B45FEF /* 630584a6gy1gau54zl806j20m80etmzo.jpg in Resources */,
				A52C0196248F5FE100B45FEF /* bca7fdafly1gax1gqdnboj20c80atmxp.jpg in Resources */,
				A52C01AA248F5FE100B45FEF /* 006PdkDogy1gap6ngiyn3j30u011idle.jpg in Resources */,
				A52C0188248F5FE100B45FEF /* bca7fdafgw1ekhkps65b1j2050050dg4.jpg in Resources */,
				A52C017B248F5FE100B45FEF /* 8a0b5544gy1gauy2flua6j20u00hitab.jpg in Resources */,
				A52C01C3248F5FE100B45FEF /* 005tnxzUly8gab4i2r73xj30u00u0js8.jpg in Resources */,
				A52C019D248F5FE100B45FEF /* c5aa834fly8g97m8ix9lcj20re0regnk.jpg in Resources */,
				A52C0178248F5FE100B45FEF /* 006gWxMEly1gavap8dywoj30hs0bwq48.jpg in Resources */,
				A52C0190248F5FE100B45FEF /* 006gWxMEly1gavap8vsqaj30hs0bwgm6.jpg in Resources */,
				A52C01B4248F5FE100B45FEF /* 700a34f6gy1gaunsxhp4pj20j60pkn1k.jpg in Resources */,
				A52C0183248F5FE100B45FEF /* c5aa834fgy1gauzrb7s5ej20tz13qh5x.jpg in Resources */,
				A52C017A248F5FE100B45FEF /* 9dc7402fgy1gavd38wwlrj20j60nyq6y.jpg in Resources */,
				A52C0172248F5FE100B45FEF /* d0c21786ly1gavj2c0kcej20c8096dh7.jpg in Resources */,
				A52C01B3248F5FE100B45FEF /* 76297935ly1gatz8g5rvxj22c03401kz.jpg in Resources */,
				A52C01A3248F5FE100B45FEF /* 006PdkDogy1gap6ngj12ej30u011itf7.jpg in Resources */,
				A52C0176248F5FE100B45FEF /* 9dc7402fjw1e8qgp5bmzyj2050050aa8.jpg in Resources */,
				A52C01AC248F5FE100B45FEF /* PostListData_hot_1.json in Resources */,
				A52C01A1248F5FE100B45FEF /* d0c21786ly1gavj2d17d9j20c808zq3r.jpg in Resources */,
				A52C01AF248F5FE100B45FEF /* d0c21786ly1gavj2cowp9j20c8083ab4.jpg in Resources */,
				A52C0191248F5FE100B45FEF /* 648ed25bjw8est9nqrtnij20500503yr.jpg in Resources */,
				A52C0114248F3B4E00B45FEF /* LaunchScreen.storyboard in Resources */,
				A52C0195248F5FE100B45FEF /* 700a34f6gy1gaunsxgzixj20j60edmz8.jpg in Resources */,
				A52C01B1248F5FE100B45FEF /* 006gWxMEly1gavap86qr9j30ht0qo40t.jpg in Resources */,
				A52C018D248F5FE100B45FEF /* 4e7f0c83gy1gam2ml6nucj22tc240kjl.jpg in Resources */,
				A52C01A8248F5FE100B45FEF /* 8a0b5544gy1gauy2hcozsj20u01czdiy.jpg in Resources */,
				A52C01BF248F5FE100B45FEF /* 6ec3b446gy1gavd4xud8lj20j60qkwj0.jpg in Resources */,
				A52C01A4248F5FE100B45FEF /* 700a34f6gy1gaunsx2jywj20j60pkaeu.jpg in Resources */,
				A52C0187248F5FE100B45FEF /* 700a34f6gy1gaunswy5qnj20j60pkadk.jpg in Resources */,
				A52C0111248F3B4E00B45FEF /* Preview Assets.xcassets in Resources */,
				A52C01B2248F5FE100B45FEF /* 76297935ly1gatz8k5itij22c02c01ky.jpg in Resources */,
				A52C01B0248F5FE100B45FEF /* 9dc7402fgy1gavd367p0pj20j60nywic.jpg in Resources */,
				A52C01BD248F5FE100B45FEF /* 630584a6gy1gau54zgaxhj20m80et0vq.jpg in Resources */,
				A52C01C0248F5FE100B45FEF /* 4e7f0c83ly8g1ho507078j20ro0rojtq.jpg in Resources */,
				A52C01A7248F5FE100B45FEF /* bca7fdafly1gax1gqd9vmj20c80ayaam.jpg in Resources */,
				A52C017D248F5FE100B45FEF /* 7f9147a5ly1fzxlgxgzpij20e90fltsj.jpg in Resources */,
				A52C01A9248F5FE100B45FEF /* c5aa834fgy1gauzr95r6fj20tw0l3dq4.jpg in Resources */,
				A52C017E248F5FE100B45FEF /* 76297935ly1gatz8obqvkj22c0340npe.jpg in Resources */,
				A52C019E248F5FE100B45FEF /* 700a34f6ly8g9a29rjt92j20fn0iqdg8.jpg in Resources */,
				A52C018B248F5FE100B45FEF /* 6ec3b446gy1gavd51jc4lj20j60pmwhl.jpg in Resources */,
				A52C01B7248F5FE100B45FEF /* eb5c94aegy1gav26fycwlj20zk1h8drh.jpg in Resources */,
				A52C0184248F5FE100B45FEF /* 700a34f6gy1gaunswxtlrj20j60pkgok.jpg in Resources */,
				A52C01AD248F5FE100B45FEF /* eb5c94aely8fmvumnl9baj20v90v9q49.jpg in Resources */,
				A52C01A5248F5FE100B45FEF /* 4e7f0c83gy1gam2mr1b81j22tc2407wi.jpg in Resources */,
				A52C010E248F3B4E00B45FEF /* Assets.xcassets in Resources */,
				A52C018E248F5FE100B45FEF /* 4e7f0c83gy1gam2misv31j21hc0u016k.jpg in Resources */,
				A52C01B9248F5FE100B45FEF /* c5aa834fgy1gauzr8ok78j20tz12fk8w.jpg in Resources */,
				A52C019F248F5FE100B45FEF /* d0c21786ly1gavj2cdrkyj20c80720tg.jpg in Resources */,
				A52C0177248F5FE100B45FEF /* eb5c94aegy1gav25n5ibjj20zk1h8wuu.jpg in Resources */,
				A52C01BE248F5FE100B45FEF /* 4e7f0c83gy1gam2mjhk8zj21hc0v6wnx.jpg in Resources */,
				A52C01BB248F5FE100B45FEF /* 9dc7402fgy1gavd37l9nwj20j60ny44q.jpg in Resources */,
				A52C0175248F5FE100B45FEF /* bca7fdafly1gax1gqdg6qj20c80avdgl.jpg in Resources */,
				A52C01BA248F5FE100B45FEF /* 76297935ly8g4phfkq68hj20u00u0mzt.jpg in Resources */,
				A52C0197248F5FE100B45FEF /* c5aa834fgy1gauzr6venkj20u01hc12f.jpg in Resources */,
				A52C0192248F5FE100B45FEF /* eb5c94aegy1gav25ox6dvj20u00k1go9.jpg in Resources */,
				A52C01BC248F5FE100B45FEF /* 700a34f6gy1gaunswwui7j20j60pl78e.jpg in Resources */,
				A52C018C248F5FE100B45FEF /* 006gWxMEly1gavap88gttj30hs0a0dgf.jpg in Resources */,
				A52C0180248F5FE100B45FEF /* 9dc7402fgy1gavd38kqjtj20j60nyn1d.jpg in Resources */,
				A52C0193248F5FE100B45FEF /* 8a0b5544gy1gauy2g35yoj20u00fomzf.jpg in Resources */,
				A52C0194248F5FE100B45FEF /* 006PdkDoly8ffywe2fq39j304g04gwed.jpg in Resources */,
				A52C017F248F5FE100B45FEF /* d0c21786ly8fsax1ftiifj20ro0ro43g.jpg in Resources */,
				A52C0186248F5FE100B45FEF /* 76297935ly1gatz89dzblj23402c0qv6.jpg in Resources */,
				A52C01A2248F5FE100B45FEF /* 8a0b5544gy1gauy2gz000j20u00n6wgj.jpg in Resources */,
				A52C0199248F5FE100B45FEF /* 630584a6gy1gau54zm4dtj20m80dftbv.jpg in Resources */,
				A52C01C1248F5FE100B45FEF /* bca7fdafly1gax1gqdhouj20c80axaam.jpg in Resources */,
				A52C019B248F5FE100B45FEF /* 9dc7402fgy1gavd39ba15j20j60nywii.jpg in Resources */,
				A52C019A248F5FE100B45FEF /* c5aa834fgy1gauzr86bp5j20pb0w47in.jpg in Resources */,
				A52C0189248F5FE100B45FEF /* PostListData_recommend_1.json in Resources */,
				A52C017C248F5FE100B45FEF /* 7f9147a5ly1fzxlh4ovuej20e90fl4fo.jpg in Resources */,
			);
			runOnlyForDeploymentPostprocessing = 0;
		};
/* End PBXResourcesBuildPhase section */

/* Begin PBXSourcesBuildPhase section */
		A52C0100248F3B4200B45FEF /* Sources */ = {
			isa = PBXSourcesBuildPhase;
			buildActionMask = 2147483647;
			files = (
				A52C01D72490B59800B45FEF /* UserData.swift in Sources */,
				A52C0108248F3B4200B45FEF /* AppDelegate.swift in Sources */,
				A52C01F92490C55D00B45FEF /* HScrollViewController.swift in Sources */,
				A52C01D12490A6EF00B45FEF /* PostDetailView.swift in Sources */,
				A52C01FD2491FEA500B45FEF /* CommentTextView.swift in Sources */,
				A52C01FF2492026C00B45FEF /* KeyboardResponder.swift in Sources */,
				A52C010A248F3B4200B45FEF /* SceneDelegate.swift in Sources */,
				A52C01CD24907BE700B45FEF /* PostListView.swift in Sources */,
				A52C01CB2490755900B45FEF /* PostCellToolbarButton.swift in Sources */,
				A52C01C9248F643700B45FEF /* Post.swift in Sources */,
				A52C01D32490A90C00B45FEF /* HomeNavigationBar.swift in Sources */,
				A52C01FB2491DE8900B45FEF /* CommentInputView.swift in Sources */,
				A52C011C248F530F00B45FEF /* PostCell.swift in Sources */,
				A52C01D52490B2DB00B45FEF /* HomeView.swift in Sources */,
				A52C01CF2490871700B45FEF /* PostImageCell.swift in Sources */,
				A52C01C5248F623200B45FEF /* PostVIPBadge.swift in Sources */,
			);
			runOnlyForDeploymentPostprocessing = 0;
		};
/* End PBXSourcesBuildPhase section */

/* Begin PBXVariantGroup section */
		A52C0112248F3B4E00B45FEF /* LaunchScreen.storyboard */ = {
			isa = PBXVariantGroup;
			children = (
				A52C0113248F3B4E00B45FEF /* Base */,
			);
			name = LaunchScreen.storyboard;
			sourceTree = "<group>";
		};
/* End PBXVariantGroup section */

/* Begin XCBuildConfiguration section */
		A52C0116248F3B4E00B45FEF /* Debug */ = {
			isa = XCBuildConfiguration;
			buildSettings = {
				ALWAYS_SEARCH_USER_PATHS = NO;
				CLANG_ANALYZER_NONNULL = YES;
				CLANG_ANALYZER_NUMBER_OBJECT_CONVERSION = YES_AGGRESSIVE;
				CLANG_CXX_LANGUAGE_STANDARD = "gnu++14";
				CLANG_CXX_LIBRARY = "libc++";
				CLANG_ENABLE_MODULES = YES;
				CLANG_ENABLE_OBJC_ARC = YES;
				CLANG_ENABLE_OBJC_WEAK = YES;
				CLANG_WARN_BLOCK_CAPTURE_AUTORELEASING = YES;
				CLANG_WARN_BOOL_CONVERSION = YES;
				CLANG_WARN_COMMA = YES;
				CLANG_WARN_CONSTANT_CONVERSION = YES;
				CLANG_WARN_DEPRECATED_OBJC_IMPLEMENTATIONS = YES;
				CLANG_WARN_DIRECT_OBJC_ISA_USAGE = YES_ERROR;
				CLANG_WARN_DOCUMENTATION_COMMENTS = YES;
				CLANG_WARN_EMPTY_BODY = YES;
				CLANG_WARN_ENUM_CONVERSION = YES;
				CLANG_WARN_INFINITE_RECURSION = YES;
				CLANG_WARN_INT_CONVERSION = YES;
				CLANG_WARN_NON_LITERAL_NULL_CONVERSION = YES;
				CLANG_WARN_OBJC_IMPLICIT_RETAIN_SELF = YES;
				CLANG_WARN_OBJC_LITERAL_CONVERSION = YES;
				CLANG_WARN_OBJC_ROOT_CLASS = YES_ERROR;
				CLANG_WARN_RANGE_LOOP_ANALYSIS = YES;
				CLANG_WARN_STRICT_PROTOTYPES = YES;
				CLANG_WARN_SUSPICIOUS_MOVE = YES;
				CLANG_WARN_UNGUARDED_AVAILABILITY = YES_AGGRESSIVE;
				CLANG_WARN_UNREACHABLE_CODE = YES;
				CLANG_WARN__DUPLICATE_METHOD_MATCH = YES;
				COPY_PHASE_STRIP = NO;
				DEBUG_INFORMATION_FORMAT = dwarf;
				ENABLE_STRICT_OBJC_MSGSEND = YES;
				ENABLE_TESTABILITY = YES;
				GCC_C_LANGUAGE_STANDARD = gnu11;
				GCC_DYNAMIC_NO_PIC = NO;
				GCC_NO_COMMON_BLOCKS = YES;
				GCC_OPTIMIZATION_LEVEL = 0;
				GCC_PREPROCESSOR_DEFINITIONS = (
					"DEBUG=1",
					"$(inherited)",
				);
				GCC_WARN_64_TO_32_BIT_CONVERSION = YES;
				GCC_WARN_ABOUT_RETURN_TYPE = YES_ERROR;
				GCC_WARN_UNDECLARED_SELECTOR = YES;
				GCC_WARN_UNINITIALIZED_AUTOS = YES_AGGRESSIVE;
				GCC_WARN_UNUSED_FUNCTION = YES;
				GCC_WARN_UNUSED_VARIABLE = YES;
				IPHONEOS_DEPLOYMENT_TARGET = 13.5;
				MTL_ENABLE_DEBUG_INFO = INCLUDE_SOURCE;
				MTL_FAST_MATH = YES;
				ONLY_ACTIVE_ARCH = YES;
				SDKROOT = iphoneos;
				SWIFT_ACTIVE_COMPILATION_CONDITIONS = DEBUG;
				SWIFT_OPTIMIZATION_LEVEL = "-Onone";
			};
			name = Debug;
		};
		A52C0117248F3B4E00B45FEF /* Release */ = {
			isa = XCBuildConfiguration;
			buildSettings = {
				ALWAYS_SEARCH_USER_PATHS = NO;
				CLANG_ANALYZER_NONNULL = YES;
				CLANG_ANALYZER_NUMBER_OBJECT_CONVERSION = YES_AGGRESSIVE;
				CLANG_CXX_LANGUAGE_STANDARD = "gnu++14";
				CLANG_CXX_LIBRARY = "libc++";
				CLANG_ENABLE_MODULES = YES;
				CLANG_ENABLE_OBJC_ARC = YES;
				CLANG_ENABLE_OBJC_WEAK = YES;
				CLANG_WARN_BLOCK_CAPTURE_AUTORELEASING = YES;
				CLANG_WARN_BOOL_CONVERSION = YES;
				CLANG_WARN_COMMA = YES;
				CLANG_WARN_CONSTANT_CONVERSION = YES;
				CLANG_WARN_DEPRECATED_OBJC_IMPLEMENTATIONS = YES;
				CLANG_WARN_DIRECT_OBJC_ISA_USAGE = YES_ERROR;
				CLANG_WARN_DOCUMENTATION_COMMENTS = YES;
				CLANG_WARN_EMPTY_BODY = YES;
				CLANG_WARN_ENUM_CONVERSION = YES;
				CLANG_WARN_INFINITE_RECURSION = YES;
				CLANG_WARN_INT_CONVERSION = YES;
				CLANG_WARN_NON_LITERAL_NULL_CONVERSION = YES;
				CLANG_WARN_OBJC_IMPLICIT_RETAIN_SELF = YES;
				CLANG_WARN_OBJC_LITERAL_CONVERSION = YES;
				CLANG_WARN_OBJC_ROOT_CLASS = YES_ERROR;
				CLANG_WARN_RANGE_LOOP_ANALYSIS = YES;
				CLANG_WARN_STRICT_PROTOTYPES = YES;
				CLANG_WARN_SUSPICIOUS_MOVE = YES;
				CLANG_WARN_UNGUARDED_AVAILABILITY = YES_AGGRESSIVE;
				CLANG_WARN_UNREACHABLE_CODE = YES;
				CLANG_WARN__DUPLICATE_METHOD_MATCH = YES;
				COPY_PHASE_STRIP = NO;
				DEBUG_INFORMATION_FORMAT = "dwarf-with-dsym";
				ENABLE_NS_ASSERTIONS = NO;
				ENABLE_STRICT_OBJC_MSGSEND = YES;
				GCC_C_LANGUAGE_STANDARD = gnu11;
				GCC_NO_COMMON_BLOCKS = YES;
				GCC_WARN_64_TO_32_BIT_CONVERSION = YES;
				GCC_WARN_ABOUT_RETURN_TYPE = YES_ERROR;
				GCC_WARN_UNDECLARED_SELECTOR = YES;
				GCC_WARN_UNINITIALIZED_AUTOS = YES_AGGRESSIVE;
				GCC_WARN_UNUSED_FUNCTION = YES;
				GCC_WARN_UNUSED_VARIABLE = YES;
				IPHONEOS_DEPLOYMENT_TARGET = 13.5;
				MTL_ENABLE_DEBUG_INFO = NO;
				MTL_FAST_MATH = YES;
				SDKROOT = iphoneos;
				SWIFT_COMPILATION_MODE = wholemodule;
				SWIFT_OPTIMIZATION_LEVEL = "-O";
				VALIDATE_PRODUCT = YES;
			};
			name = Release;
		};
		A52C0119248F3B4E00B45FEF /* Debug */ = {
			isa = XCBuildConfiguration;
			buildSettings = {
				ASSETCATALOG_COMPILER_APPICON_NAME = AppIcon;
				CODE_SIGN_STYLE = Automatic;
				DEVELOPMENT_ASSET_PATHS = "\"WeiboDemo/Preview Content\"";
				ENABLE_PREVIEWS = YES;
				INFOPLIST_FILE = WeiboDemo/Info.plist;
				LD_RUNPATH_SEARCH_PATHS = (
					"$(inherited)",
					"@executable_path/Frameworks",
				);
				PRODUCT_BUNDLE_IDENTIFIER = com.xiongwei.WeiboDemo;
				PRODUCT_NAME = "$(TARGET_NAME)";
				SWIFT_VERSION = 5.0;
				TARGETED_DEVICE_FAMILY = "1,2";
			};
			name = Debug;
		};
		A52C011A248F3B4E00B45FEF /* Release */ = {
			isa = XCBuildConfiguration;
			buildSettings = {
				ASSETCATALOG_COMPILER_APPICON_NAME = AppIcon;
				CODE_SIGN_STYLE = Automatic;
				DEVELOPMENT_ASSET_PATHS = "\"WeiboDemo/Preview Content\"";
				ENABLE_PREVIEWS = YES;
				INFOPLIST_FILE = WeiboDemo/Info.plist;
				LD_RUNPATH_SEARCH_PATHS = (
					"$(inherited)",
					"@executable_path/Frameworks",
				);
				PRODUCT_BUNDLE_IDENTIFIER = com.xiongwei.WeiboDemo;
				PRODUCT_NAME = "$(TARGET_NAME)";
				SWIFT_VERSION = 5.0;
				TARGETED_DEVICE_FAMILY = "1,2";
			};
			name = Release;
		};
/* End XCBuildConfiguration section */

/* Begin XCConfigurationList section */
		A52C00FF248F3B4200B45FEF /* Build configuration list for PBXProject "WeiboDemo" */ = {
			isa = XCConfigurationList;
			buildConfigurations = (
				A52C0116248F3B4E00B45FEF /* Debug */,
				A52C0117248F3B4E00B45FEF /* Release */,
			);
			defaultConfigurationIsVisible = 0;
			defaultConfigurationName = Release;
		};
		A52C0118248F3B4E00B45FEF /* Build configuration list for PBXNativeTarget "WeiboDemo" */ = {
			isa = XCConfigurationList;
			buildConfigurations = (
				A52C0119248F3B4E00B45FEF /* Debug */,
				A52C011A248F3B4E00B45FEF /* Release */,
			);
			defaultConfigurationIsVisible = 0;
			defaultConfigurationName = Release;
		};
/* End XCConfigurationList section */
	};
	rootObject = A52C00FC248F3B4200B45FEF /* Project object */;
}
